
Microsoft Visual Studio Solution File, Format Version 12.00
# Visual Studio Version 17
VisualStudioVersion = 17.9.34728.123
MinimumVisualStudioVersion = 10.0.40219.1
Project("{FAE04EC0-301F-11D3-BF4B-00C04F79EFBC}") = "Singleton pattern", "Singleton pattern.csproj", "{6C4694A7-8709-4C40-80A0-AA410B1929B2}"
EndProject
Global
	GlobalSection(SolutionConfigurationPlatforms) = preSolution
		Debug|Any CPU = Debug|Any CPU
		Release|Any CPU = Release|Any CPU
	EndGlobalSection
	GlobalSection(ProjectConfigurationPlatforms) = postSolution
		{6C4694A7-8709-4C40-80A0-AA410B1929B2}.Debug|Any CPU.ActiveCfg = Debug|Any CPU
		{6C4694A7-8709-4C40-80A0-AA410B1929B2}.Debug|Any CPU.Build.0 = Debug|Any CPU
		{6C4694A7-8709-4C40-80A0-AA410B1929B2}.Release|Any CPU.ActiveCfg = Release|Any CPU
		{6C4694A7-8709-4C40-80A0-AA410B1929B2}.Release|Any CPU.Build.0 = Release|Any CPU
	EndGlobalSection
	GlobalSection(SolutionProperties) = preSolution
		HideSolutionNode = FALSE
	EndGlobalSection
	GlobalSection(ExtensibilityGlobals) = postSolution
		SolutionGuid = {3A2C7B6A-CAAD-4F56-A724-F2FB4C9EE33C}
	EndGlobalSection
EndGlobal
